
Microsoft Visual Studio Solution File, Format Version 12.00
# Visual Studio Version 17
VisualStudioVersion = 17.3.32819.101
MinimumVisualStudioVersion = 10.0.40219.1
Project("{9A19103F-16F7-4668-BE54-9A1E7A4F7556}") = "Blazor.RadzenTest", "Blazor.RadzenTest\Blazor.RadzenTest.csproj", "{E833FAE5-E528-4AA7-86F5-074E98EB91C9}"
EndProject
Project("{9A19103F-16F7-4668-BE54-9A1E7A4F7556}") = "Blazor.PrismTest", "Blazor.PrismTest\Blazor.PrismTest.csproj", "{BFC2B8AB-AB11-41DA-ABEF-C418B8F19F6C}"
EndProject
Project("{9A19103F-16F7-4668-BE54-9A1E7A4F7556}") = "Blazor.MvvmTest", "Blazor.MvvmTest\Blazor.MvvmTest.csproj", "{EDEB9972-54CF-49E8-A33F-A0603AF38A61}"
EndProject
Project("{9A19103F-16F7-4668-BE54-9A1E7A4F7556}") = "Blazor.MSDocTest", "Blazor.MSDocTest\Blazor.MSDocTest.csproj", "{6826D546-2B0E-4033-A49D-60DA414FBD4D}"
EndProject
Project("{9A19103F-16F7-4668-BE54-9A1E7A4F7556}") = "Blazor.AppTest", "Blazor.AppTest\Blazor.AppTest.csproj", "{E51C9B23-582A-41A6-900F-9CBF929A5BAF}"
EndProject
Project("{9A19103F-16F7-4668-BE54-9A1E7A4F7556}") = "Blazor.BlazorWorkerTest", "Blazor.BlazorWorkerTest\Blazor.BlazorWorkerTest.csproj", "{B496CC2E-0660-4ECB-9BC4-672F6F599F36}"
EndProject
Project("{9A19103F-16F7-4668-BE54-9A1E7A4F7556}") = "LiquidTest", "LiquidTest\LiquidTest.csproj", "{BFEDAD1F-FE90-49C9-A994-F1A60E4E39FE}"
EndProject
Project("{9A19103F-16F7-4668-BE54-9A1E7A4F7556}") = "Blazor.ToastTest", "Blazor.ToastTest\Blazor.ToastTest.csproj", "{520C2EA7-A509-4DDB-B0D7-FA8B7A0C3FB4}"
EndProject
Project("{9A19103F-16F7-4668-BE54-9A1E7A4F7556}") = "Blazor.BeforeunloadTest", "Blazor.BeforeunloadTest\Blazor.BeforeunloadTest.csproj", "{E9586EEE-BB51-4185-A2C8-C0034C14B29D}"
EndProject
Project("{9A19103F-16F7-4668-BE54-9A1E7A4F7556}") = "Blazor.LocalStorageTest", "Blazor.LocalStorageTest\Blazor.LocalStorageTest.csproj", "{A03AF5DF-D856-47AA-90A6-0321B883E5BF}"
EndProject
Project("{9A19103F-16F7-4668-BE54-9A1E7A4F7556}") = "Blazor.SessionStorageTest", "Blazor.SessionStorageTest\Blazor.SessionStorageTest.csproj", "{F4CAB331-806E-407A-8EAB-4CA06CABFCB3}"
EndProject
Project("{9A19103F-16F7-4668-BE54-9A1E7A4F7556}") = "Blazor.BlazoredTest", "Blazor.BlazoredTest\Blazor.BlazoredTest.csproj", "{F1EB6E11-1919-4921-8AA4-A2BB5CE58896}"
EndProject
Project("{9A19103F-16F7-4668-BE54-9A1E7A4F7556}") = "Blazor.GitTest", "Blazor.GitTest\Blazor.GitTest.csproj", "{FEDC49D2-981F-4DF4-9E98-95E33CE65E6B}"
EndProject
Project("{FAE04EC0-301F-11D3-BF4B-00C04F79EFBC}") = "Blazor.LocalizationTest", "Blazor.LocalizationTest\Blazor.LocalizationTest.csproj", "{D99B81FF-C677-4538-9FA4-DA8B6715FF16}"
EndProject
Global
	GlobalSection(SolutionConfigurationPlatforms) = preSolution
		Debug|Any CPU = Debug|Any CPU
		Release|Any CPU = Release|Any CPU
	EndGlobalSection
	GlobalSection(ProjectConfigurationPlatforms) = postSolution
		{E833FAE5-E528-4AA7-86F5-074E98EB91C9}.Debug|Any CPU.ActiveCfg = Debug|Any CPU
		{E833FAE5-E528-4AA7-86F5-074E98EB91C9}.Debug|Any CPU.Build.0 = Debug|Any CPU
		{E833FAE5-E528-4AA7-86F5-074E98EB91C9}.Release|Any CPU.ActiveCfg = Release|Any CPU
		{E833FAE5-E528-4AA7-86F5-074E98EB91C9}.Release|Any CPU.Build.0 = Release|Any CPU
		{BFC2B8AB-AB11-41DA-ABEF-C418B8F19F6C}.Debug|Any CPU.ActiveCfg = Debug|Any CPU
		{BFC2B8AB-AB11-41DA-ABEF-C418B8F19F6C}.Debug|Any CPU.Build.0 = Debug|Any CPU
		{BFC2B8AB-AB11-41DA-ABEF-C418B8F19F6C}.Release|Any CPU.ActiveCfg = Release|Any CPU
		{BFC2B8AB-AB11-41DA-ABEF-C418B8F19F6C}.Release|Any CPU.Build.0 = Release|Any CPU
		{EDEB9972-54CF-49E8-A33F-A0603AF38A61}.Debug|Any CPU.ActiveCfg = Debug|Any CPU
		{EDEB9972-54CF-49E8-A33F-A0603AF38A61}.Debug|Any CPU.Build.0 = Debug|Any CPU
		{EDEB9972-54CF-49E8-A33F-A0603AF38A61}.Release|Any CPU.ActiveCfg = Release|Any CPU
		{EDEB9972-54CF-49E8-A33F-A0603AF38A61}.Release|Any CPU.Build.0 = Release|Any CPU
		{6826D546-2B0E-4033-A49D-60DA414FBD4D}.Debug|Any CPU.ActiveCfg = Debug|Any CPU
		{6826D546-2B0E-4033-A49D-60DA414FBD4D}.Debug|Any CPU.Build.0 = Debug|Any CPU
		{6826D546-2B0E-4033-A49D-60DA414FBD4D}.Release|Any CPU.ActiveCfg = Release|Any CPU
		{6826D546-2B0E-4033-A49D-60DA414FBD4D}.Release|Any CPU.Build.0 = Release|Any CPU
		{E51C9B23-582A-41A6-900F-9CBF929A5BAF}.Debug|Any CPU.ActiveCfg = Debug|Any CPU
		{E51C9B23-582A-41A6-900F-9CBF929A5BAF}.Debug|Any CPU.Build.0 = Debug|Any CPU
		{E51C9B23-582A-41A6-900F-9CBF929A5BAF}.Release|Any CPU.ActiveCfg = Release|Any CPU
		{E51C9B23-582A-41A6-900F-9CBF929A5BAF}.Release|Any CPU.Build.0 = Release|Any CPU
		{B496CC2E-0660-4ECB-9BC4-672F6F599F36}.Debug|Any CPU.ActiveCfg = Debug|Any CPU
		{B496CC2E-0660-4ECB-9BC4-672F6F599F36}.Debug|Any CPU.Build.0 = Debug|Any CPU
		{B496CC2E-0660-4ECB-9BC4-672F6F599F36}.Release|Any CPU.ActiveCfg = Release|Any CPU
		{B496CC2E-0660-4ECB-9BC4-672F6F599F36}.Release|Any CPU.Build.0 = Release|Any CPU
		{BFEDAD1F-FE90-49C9-A994-F1A60E4E39FE}.Debug|Any CPU.ActiveCfg = Debug|Any CPU
		{BFEDAD1F-FE90-49C9-A994-F1A60E4E39FE}.Debug|Any CPU.Build.0 = Debug|Any CPU
		{BFEDAD1F-FE90-49C9-A994-F1A60E4E39FE}.Release|Any CPU.ActiveCfg = Release|Any CPU
		{BFEDAD1F-FE90-49C9-A994-F1A60E4E39FE}.Release|Any CPU.Build.0 = Release|Any CPU
		{520C2EA7-A509-4DDB-B0D7-FA8B7A0C3FB4}.Debug|Any CPU.ActiveCfg = Debug|Any CPU
		{520C2EA7-A509-4DDB-B0D7-FA8B7A0C3FB4}.Debug|Any CPU.Build.0 = Debug|Any CPU
		{520C2EA7-A509-4DDB-B0D7-FA8B7A0C3FB4}.Release|Any CPU.ActiveCfg = Release|Any CPU
		{520C2EA7-A509-4DDB-B0D7-FA8B7A0C3FB4}.Release|Any CPU.Build.0 = Release|Any CPU
		{E9586EEE-BB51-4185-A2C8-C0034C14B29D}.Debug|Any CPU.ActiveCfg = Debug|Any CPU
		{E9586EEE-BB51-4185-A2C8-C0034C14B29D}.Debug|Any CPU.Build.0 = Debug|Any CPU
		{E9586EEE-BB51-4185-A2C8-C0034C14B29D}.Release|Any CPU.ActiveCfg = Release|Any CPU
		{E9586EEE-BB51-4185-A2C8-C0034C14B29D}.Release|Any CPU.Build.0 = Release|Any CPU
		{A03AF5DF-D856-47AA-90A6-0321B883E5BF}.Debug|Any CPU.ActiveCfg = Debug|Any CPU
		{A03AF5DF-D856-47AA-90A6-0321B883E5BF}.Debug|Any CPU.Build.0 = Debug|Any CPU
		{A03AF5DF-D856-47AA-90A6-0321B883E5BF}.Release|Any CPU.ActiveCfg = Release|Any CPU
		{A03AF5DF-D856-47AA-90A6-0321B883E5BF}.Release|Any CPU.Build.0 = Release|Any CPU
		{F4CAB331-806E-407A-8EAB-4CA06CABFCB3}.Debug|Any CPU.ActiveCfg = Debug|Any CPU
		{F4CAB331-806E-407A-8EAB-4CA06CABFCB3}.Debug|Any CPU.Build.0 = Debug|Any CPU
		{F4CAB331-806E-407A-8EAB-4CA06CABFCB3}.Release|Any CPU.ActiveCfg = Release|Any CPU
		{F4CAB331-806E-407A-8EAB-4CA06CABFCB3}.Release|Any CPU.Build.0 = Release|Any CPU
		{F1EB6E11-1919-4921-8AA4-A2BB5CE58896}.Debug|Any CPU.ActiveCfg = Debug|Any CPU
		{F1EB6E11-1919-4921-8AA4-A2BB5CE58896}.Debug|Any CPU.Build.0 = Debug|Any CPU
		{F1EB6E11-1919-4921-8AA4-A2BB5CE58896}.Release|Any CPU.ActiveCfg = Release|Any CPU
		{F1EB6E11-1919-4921-8AA4-A2BB5CE58896}.Release|Any CPU.Build.0 = Release|Any CPU
		{FEDC49D2-981F-4DF4-9E98-95E33CE65E6B}.Debug|Any CPU.ActiveCfg = Debug|Any CPU
		{FEDC49D2-981F-4DF4-9E98-95E33CE65E6B}.Debug|Any CPU.Build.0 = Debug|Any CPU
		{FEDC49D2-981F-4DF4-9E98-95E33CE65E6B}.Release|Any CPU.ActiveCfg = Release|Any CPU
		{FEDC49D2-981F-4DF4-9E98-95E33CE65E6B}.Release|Any CPU.Build.0 = Release|Any CPU
		{D99B81FF-C677-4538-9FA4-DA8B6715FF16}.Debug|Any CPU.ActiveCfg = Debug|Any CPU
		{D99B81FF-C677-4538-9FA4-DA8B6715FF16}.Debug|Any CPU.Build.0 = Debug|Any CPU
		{D99B81FF-C677-4538-9FA4-DA8B6715FF16}.Release|Any CPU.ActiveCfg = Release|Any CPU
		{D99B81FF-C677-4538-9FA4-DA8B6715FF16}.Release|Any CPU.Build.0 = Release|Any CPU
	EndGlobalSection
	GlobalSection(SolutionProperties) = preSolution
		HideSolutionNode = FALSE
	EndGlobalSection
	GlobalSection(ExtensibilityGlobals) = postSolution
		SolutionGuid = {032C4127-5159-42D0-80A8-7AD9463BEBDF}
	EndGlobalSection
EndGlobal
